hash: 922f7a4310801987ae84e95c12b67abad55fba5f2fbc1c13835a2c289d0f52f4
updated: 2016-04-07T12:00:07.212992971+10:00
imports:
- name: github.com/aws/aws-sdk-go
  version: 6f62fc3ff9aa98c629b350376825cda566658d75
  subpackages:
  - aws
  - aws/session
  - service/cloudwatch
  - aws/awserr
  - aws/credentials
  - aws/client
  - aws/corehandlers
  - aws/defaults
  - aws/request
  - private/endpoints
  - aws/awsutil
  - aws/client/metadata
  - private/protocol
  - private/protocol/query
  - private/signer/v4
  - aws/credentials/ec2rolecreds
  - aws/ec2metadata
  - private/protocol/query/queryutil
  - private/protocol/xml/xmlutil
  - private/protocol/rest
- name: github.com/go-ini/ini
  version: 12f418cc7edc5a618a51407b7ac1f1f512139df3
- name: github.com/google/go-querystring
  version: 6bb77fe6f42b85397288d4f6f67ac72f8f400ee7
  subpackages:
  - query
- name: github.com/jmespath/go-jmespath
  version: 0b12d6b521d83fc7f755e7cfc1b1fbdd35a01a74
- name: gopkg.in/buildkite/go-buildkite.v2
  version: 2a542e6524708fe428e62b65a0a5fc969a82b2e0
  subpackages:
  - buildkite
devImports: []
